{
  "version": 4,
  "terraform_version": "1.5.0",
  "serial": 28,
  "lineage": "f96fec50-f3c5-e738-8ee4-8e06f63ac81a",
  "outputs": {
    "eks_cluster_id": {
      "value": "steel-eye-eks",
      "type": "string"
    },
    "k8s_service_ingress_elb": {
      "value": "a52a4ef585ac54b10af243fb18ea3499-2093271470.us-east-1.elb.amazonaws.com",
      "type": "string"
    },
    "vpc_id": {
      "value": "vpc-08f6b37a9e54ffc30",
      "type": "string"
    }
  },
  "resources": [
    {
      "module": "module.ingress-nginx",
      "mode": "data",
      "type": "aws_eks_cluster",
      "name": "cluster",
      "provider": "provider[\"registry.terraform.io/hashicorp/aws\"]",
      "instances": [
        {
          "schema_version": 0,
          "attributes": {
            "arn": "arn:aws:eks:us-east-1:987728975796:cluster/steel-eye-eks",
            "certificate_authority": [
              {
                "data": "LS0tLS1CRUdJTiBDRVJUSUZJQ0FURS0tLS0tCk1JSUMvakNDQWVhZ0F3SUJBZ0lCQURBTkJna3Foa2lHOXcwQkFRc0ZBREFWTVJNd0VRWURWUVFERXdwcmRXSmwKY201bGRHVnpNQjRYRFRJek1EY3hOekUyTkRjeE1sb1hEVE16TURjeE5ERTJORGN4TWxvd0ZURVRNQkVHQTFVRQpBeE1LYTNWaVpYSnVaWFJsY3pDQ0FTSXdEUVlKS29aSWh2Y05BUUVCQlFBRGdnRVBBRENDQVFvQ2dnRUJBTXBqCnR6TitDSk1zWWtOcDhOOG8xb09oSGttVjVLb2JHT2gvN0VDM3d5czZjNkFjY3lSNk03S1ZvRmpFcUFqZGRFekcKM296SnEzUnVvck9IUTJWZFRCSDF5SkUyUUVocFBTUkRXK25tOCswNmVBNGVNcVN3QjNXR2EzNEpJdVp0SHNvUQpiMzc3MEV5TGdRWHNsK1lFU2pKOGN4VFB4MkhFNVZyRzI3SkRSYzBDV3lPM1phQ1Y2bldjRElLN0lvbndlQUhKCmFTdlZqR0lVaVphNXJiUm42T2oxUFlrOUtHWWt2Q2VMd0g0YTRxVk1XazVHVmlvZVg5RWJKUXZFTEJTQkZMNFIKM01lM1dNQlRIRmJ0ZjVDY1JCdXpQTDFrRmRTVFZ2b3BqamdEcVpTS1lsSXA4OHBSTkpCTTV1SVBVQjBuWXQ5YQoyUGc2R3dOTmVGanJGQVBnY3djQ0F3RUFBYU5aTUZjd0RnWURWUjBQQVFIL0JBUURBZ0trTUE4R0ExVWRFd0VCCi93UUZNQU1CQWY4d0hRWURWUjBPQkJZRUZKRUFGYWR3REpENEhrc1lKMlRnc2w2cUFVRElNQlVHQTFVZEVRUU8KTUF5Q0NtdDFZbVZ5Ym1WMFpYTXdEUVlKS29aSWh2Y05BUUVMQlFBRGdnRUJBS2xLcWNDWGZKQU1qbjZZTFVUegp5eWRPTnBZUHEyNm5QZlExSlpyc1pNdVVCVTlLb1hhVEhWQm4xaUpCRFdsKzFvMHkrWEhRaHFpRlBjWEFiM1pzCkpHMWFlQjYzN3VRQitEbGF2bURMbjZXNGNNL2ZJYnlwR2dvY2QwaWxuQm5wZHJFcE1HeGloVXA1L25nWUFDNG4KekEvY1ZLMW91QS9PUmk4eTRZNGxSSXVMb01TMmg1c0dHWWxIUTZhaVJIajZEYytBTlQ5OXJJbWhxaDh1ckNPcwpST25QckFPdUpMLzFaV2JuL3hzM3QrckVmaGM0Wm5XZ2VIZS9mWkVJbENwMGQ0eHhGcmJtQ3F0YnVpNyswUnppCkRscU96Tk5QRTFjeW94S1BCRjBOMXE0cDBhSE9Ub1pUUVJpdE1ETFp0VFc3WHozbElMQXU4OWczeWcwU1RnUkkKKzJnPQotLS0tLUVORCBDRVJUSUZJQ0FURS0tLS0tCg=="
              }
            ],
            "cluster_id": null,
            "created_at": "2023-07-17 16:41:54.231 +0000 UTC",
            "enabled_cluster_log_types": [],
            "endpoint": "https://C99CE8FD70DE151225966F9B7381E8FB.sk1.us-east-1.eks.amazonaws.com",
            "id": "steel-eye-eks",
            "identity": [
              {
                "oidc": [
                  {
                    "issuer": "https://oidc.eks.us-east-1.amazonaws.com/id/C99CE8FD70DE151225966F9B7381E8FB"
                  }
                ]
              }
            ],
            "kubernetes_network_config": [
              {
                "ip_family": "ipv4",
                "service_ipv4_cidr": "172.20.0.0/16",
                "service_ipv6_cidr": ""
              }
            ],
            "name": "steel-eye-eks",
            "outpost_config": [],
            "platform_version": "eks.3",
            "role_arn": "arn:aws:iam::987728975796:role/eksClusterRole",
            "status": "ACTIVE",
            "tags": {},
            "version": "1.27",
            "vpc_config": [
              {
                "cluster_security_group_id": "sg-0a8079b51c7cb4ab6",
                "endpoint_private_access": false,
                "endpoint_public_access": true,
                "public_access_cidrs": [
                  "0.0.0.0/0"
                ],
                "security_group_ids": [],
                "subnet_ids": [
                  "subnet-06835bbf32b9e3d5d",
                  "subnet-0b0cf3d85c0abb697"
                ],
                "vpc_id": "vpc-08f6b37a9e54ffc30"
              }
            ]
          },
          "sensitive_attributes": []
        }
      ]
    },
    {
      "module": "module.ingress-nginx",
      "mode": "data",
      "type": "aws_eks_cluster_auth",
      "name": "cluster",
      "provider": "provider[\"registry.terraform.io/hashicorp/aws\"]",
      "instances": [
        {
          "schema_version": 0,
          "attributes": {
            "id": "steel-eye-eks",
            "name": "steel-eye-eks",
            "token": "k8s-aws-v1.aHR0cHM6Ly9zdHMuYW1hem9uYXdzLmNvbS8_QWN0aW9uPUdldENhbGxlcklkZW50aXR5JlZlcnNpb249MjAxMS0wNi0xNSZYLUFtei1BbGdvcml0aG09QVdTNC1ITUFDLVNIQTI1NiZYLUFtei1DcmVkZW50aWFsPUFLSUE2TDZKNEM2MkE1UUtJTk5OJTJGMjAyMzA3MTclMkZ1cy1lYXN0LTElMkZzdHMlMkZhd3M0X3JlcXVlc3QmWC1BbXotRGF0ZT0yMDIzMDcxN1QxNjQ5MjhaJlgtQW16LUV4cGlyZXM9MCZYLUFtei1TaWduZWRIZWFkZXJzPWhvc3QlM0J4LWs4cy1hd3MtaWQmWC1BbXotU2lnbmF0dXJlPTRjNDlhZTRhOGFmMTkwNzk3N2E4Y2Q5OTlmMmFjNWQ4ZjU0OTBiNmY2ZDgxY2U4MTZhNTU4NmQ0ODFhNTdkNmI"
          },
          "sensitive_attributes": []
        }
      ]
    },
    {
      "module": "module.ingress-nginx",
      "mode": "data",
      "type": "aws_region",
      "name": "current",
      "provider": "provider[\"registry.terraform.io/hashicorp/aws\"]",
      "instances": [
        {
          "schema_version": 0,
          "attributes": {
            "description": "US East (N. Virginia)",
            "endpoint": "ec2.us-east-1.amazonaws.com",
            "id": "us-east-1",
            "name": "us-east-1"
          },
          "sensitive_attributes": []
        }
      ]
    },
    {
      "module": "module.ingress-nginx",
      "mode": "data",
      "type": "kubernetes_service",
      "name": "ingress_nginx",
      "provider": "module.ingress-nginx.provider[\"registry.terraform.io/hashicorp/kubernetes\"]",
      "instances": [
        {
          "schema_version": 0,
          "attributes": {
            "id": "default/nginx-ingress-controller",
            "metadata": [
              {
                "annotations": {
                  "meta.helm.sh/release-name": "nginx-ingress-controller",
                  "meta.helm.sh/release-namespace": "default"
                },
                "generation": 0,
                "labels": {
                  "app.kubernetes.io/component": "controller",
                  "app.kubernetes.io/instance": "nginx-ingress-controller",
                  "app.kubernetes.io/managed-by": "Helm",
                  "app.kubernetes.io/name": "nginx-ingress-controller",
                  "helm.sh/chart": "nginx-ingress-controller-9.7.5"
                },
                "name": "nginx-ingress-controller",
                "namespace": "default",
                "resource_version": "653",
                "uid": "52a4ef58-5ac5-4b10-af24-3fb18ea34997"
              }
            ],
            "spec": [
              {
                "allocate_load_balancer_node_ports": true,
                "cluster_ip": "172.20.30.19",
                "cluster_ips": [
                  "172.20.30.19"
                ],
                "external_ips": [],
                "external_name": "",
                "external_traffic_policy": "Cluster",
                "health_check_node_port": 0,
                "internal_traffic_policy": "Cluster",
                "ip_families": [
                  "IPv4"
                ],
                "ip_family_policy": "SingleStack",
                "load_balancer_class": "",
                "load_balancer_ip": "",
                "load_balancer_source_ranges": [],
                "port": [
                  {
                    "app_protocol": "",
                    "name": "http",
                    "node_port": 30440,
                    "port": 80,
                    "protocol": "TCP",
                    "target_port": "http"
                  },
                  {
                    "app_protocol": "",
                    "name": "https",
                    "node_port": 32405,
                    "port": 443,
                    "protocol": "TCP",
                    "target_port": "https"
                  }
                ],
                "publish_not_ready_addresses": false,
                "selector": {
                  "app.kubernetes.io/component": "controller",
                  "app.kubernetes.io/instance": "nginx-ingress-controller",
                  "app.kubernetes.io/name": "nginx-ingress-controller"
                },
                "session_affinity": "None",
                "session_affinity_config": [],
                "type": "LoadBalancer"
              }
            ],
            "status": [
              {
                "load_balancer": [
                  {
                    "ingress": [
                      {
                        "hostname": "a52a4ef585ac54b10af243fb18ea3499-2093271470.us-east-1.elb.amazonaws.com",
                        "ip": ""
                      }
                    ]
                  }
                ]
              }
            ]
          },
          "sensitive_attributes": []
        }
      ]
    },
    {
      "module": "module.ingress-nginx",
      "mode": "managed",
      "type": "helm_release",
      "name": "nginx-ingress-controller",
      "provider": "module.ingress-nginx.provider[\"registry.terraform.io/hashicorp/helm\"]",
      "instances": [
        {
          "schema_version": 1,
          "attributes": {
            "atomic": false,
            "chart": "nginx-ingress-controller",
            "cleanup_on_fail": false,
            "create_namespace": false,
            "dependency_update": false,
            "description": null,
            "devel": null,
            "disable_crd_hooks": false,
            "disable_openapi_validation": false,
            "disable_webhooks": false,
            "force_update": false,
            "id": "nginx-ingress-controller",
            "keyring": null,
            "lint": false,
            "manifest": null,
            "max_history": 0,
            "metadata": [
              {
                "app_version": "1.8.1",
                "chart": "nginx-ingress-controller",
                "name": "nginx-ingress-controller",
                "namespace": "default",
                "revision": 1,
                "values": "{\"service\":{\"type\":\"LoadBalancer\"}}",
                "version": "9.7.5"
              }
            ],
            "name": "nginx-ingress-controller",
            "namespace": "default",
            "pass_credentials": false,
            "postrender": [],
            "recreate_pods": false,
            "render_subchart_notes": true,
            "replace": false,
            "repository": "https://charts.bitnami.com/bitnami",
            "repository_ca_file": null,
            "repository_cert_file": null,
            "repository_key_file": null,
            "repository_password": null,
            "repository_username": null,
            "reset_values": false,
            "reuse_values": false,
            "set": [
              {
                "name": "service.type",
                "type": "",
                "value": "LoadBalancer"
              }
            ],
            "set_list": [],
            "set_sensitive": [],
            "skip_crds": false,
            "status": "deployed",
            "timeout": 300,
            "values": null,
            "verify": false,
            "version": "9.7.5",
            "wait": true,
            "wait_for_jobs": false
          },
          "sensitive_attributes": [],
          "private": "eyJzY2hlbWFfdmVyc2lvbiI6IjEifQ==",
          "dependencies": [
            "module.ingress-nginx.data.aws_eks_cluster.cluster",
            "module.ingress-nginx.data.aws_eks_cluster_auth.cluster",
            "module.public_eks_cluster.aws_eks_cluster.this",
            "module.public_eks_cluster.aws_iam_role.eksClusterRole",
            "module.public_eks_cluster.aws_iam_role_policy_attachment.AmazonEKSClusterPolicy",
            "module.public_eks_cluster.aws_iam_role_policy_attachment.AmazonEKSVPCResourceController",
            "module.public_eks_cluster.data.aws_region.current",
            "module.public_eks_cluster.module.vpc.aws_subnet.public",
            "module.public_eks_cluster.module.vpc.aws_vpc.this",
            "module.public_eks_cluster.module.vpc.aws_vpc_ipv4_cidr_block_association.this"
          ]
        }
      ]
    },
    {
      "module": "module.ingress-nginx",
      "mode": "managed",
      "type": "kubernetes_deployment",
      "name": "example_deployment",
      "provider": "module.ingress-nginx.provider[\"registry.terraform.io/hashicorp/kubernetes\"]",
      "instances": [
        {
          "schema_version": 1,
          "attributes": {
            "id": "default/example-deployment",
            "metadata": [
              {
                "annotations": null,
                "generate_name": "",
                "generation": 1,
                "labels": null,
                "name": "example-deployment",
                "namespace": "default",
                "resource_version": "1046",
                "uid": "8ece9f13-2ef4-4a7d-b532-ae01a8eb3827"
              }
            ],
            "spec": [
              {
                "min_ready_seconds": 0,
                "paused": false,
                "progress_deadline_seconds": 600,
                "replicas": "4",
                "revision_history_limit": 10,
                "selector": [
                  {
                    "match_expressions": [],
                    "match_labels": {
                      "app": "steel-eye-app"
                    }
                  }
                ],
                "strategy": [
                  {
                    "rolling_update": [
                      {
                        "max_surge": "25%",
                        "max_unavailable": "25%"
                      }
                    ],
                    "type": "RollingUpdate"
                  }
                ],
                "template": [
                  {
                    "metadata": [
                      {
                        "annotations": null,
                        "generate_name": "",
                        "generation": 0,
                        "labels": {
                          "app": "steel-eye-app"
                        },
                        "name": "",
                        "namespace": "",
                        "resource_version": "",
                        "uid": ""
                      }
                    ],
                    "spec": [
                      {
                        "active_deadline_seconds": 0,
                        "affinity": [],
                        "automount_service_account_token": true,
                        "container": [
                          {
                            "args": [
                              "-text=Hello from my simple-steel-eye-app2"
                            ],
                            "command": null,
                            "env": [],
                            "env_from": [],
                            "image": "hashicorp/http-echo",
                            "image_pull_policy": "Always",
                            "lifecycle": [],
                            "liveness_probe": [],
                            "name": "simple-steel-eye-app2",
                            "port": [],
                            "readiness_probe": [],
                            "resources": [
                              {
                                "limits": {},
                                "requests": {}
                              }
                            ],
                            "security_context": [],
                            "startup_probe": [],
                            "stdin": false,
                            "stdin_once": false,
                            "termination_message_path": "/dev/termination-log",
                            "termination_message_policy": "File",
                            "tty": false,
                            "volume_mount": [],
                            "working_dir": ""
                          }
                        ],
                        "dns_config": [],
                        "dns_policy": "ClusterFirst",
                        "enable_service_links": true,
                        "host_aliases": [],
                        "host_ipc": false,
                        "host_network": false,
                        "host_pid": false,
                        "hostname": "",
                        "image_pull_secrets": [],
                        "init_container": [],
                        "node_name": "",
                        "node_selector": null,
                        "priority_class_name": "",
                        "readiness_gate": [],
                        "restart_policy": "Always",
                        "runtime_class_name": "",
                        "scheduler_name": "default-scheduler",
                        "security_context": [],
                        "service_account_name": "",
                        "share_process_namespace": false,
                        "subdomain": "",
                        "termination_grace_period_seconds": 30,
                        "toleration": [],
                        "topology_spread_constraint": [],
                        "volume": []
                      }
                    ]
                  }
                ]
              }
            ],
            "timeouts": null,
            "wait_for_rollout": true
          },
          "sensitive_attributes": [],
          "private": "eyJlMmJmYjczMC1lY2FhLTExZTYtOGY4OC0zNDM2M2JjN2M0YzAiOnsiY3JlYXRlIjo2MDAwMDAwMDAwMDAsImRlbGV0ZSI6NjAwMDAwMDAwMDAwLCJ1cGRhdGUiOjYwMDAwMDAwMDAwMH0sInNjaGVtYV92ZXJzaW9uIjoiMSJ9",
          "dependencies": [
            "module.ingress-nginx.data.aws_eks_cluster.cluster",
            "module.ingress-nginx.data.aws_eks_cluster_auth.cluster",
            "module.public_eks_cluster.aws_eks_cluster.this",
            "module.public_eks_cluster.aws_iam_role.eksClusterRole",
            "module.public_eks_cluster.aws_iam_role_policy_attachment.AmazonEKSClusterPolicy",
            "module.public_eks_cluster.aws_iam_role_policy_attachment.AmazonEKSVPCResourceController",
            "module.public_eks_cluster.data.aws_region.current",
            "module.public_eks_cluster.module.vpc.aws_subnet.public",
            "module.public_eks_cluster.module.vpc.aws_vpc.this",
            "module.public_eks_cluster.module.vpc.aws_vpc_ipv4_cidr_block_association.this"
          ]
        }
      ]
    },
    {
      "module": "module.ingress-nginx",
      "mode": "managed",
      "type": "kubernetes_ingress_v1",
      "name": "ingress-deployment",
      "provider": "module.ingress-nginx.provider[\"registry.terraform.io/hashicorp/kubernetes\"]",
      "instances": [
        {
          "schema_version": 0,
          "attributes": {
            "id": "default/deployment-steel-eye-ingress",
            "metadata": [
              {
                "annotations": null,
                "generate_name": "",
                "generation": 1,
                "labels": null,
                "name": "deployment-steel-eye-ingress",
                "namespace": "default",
                "resource_version": "1355",
                "uid": "bb05d937-66ec-4d07-9fee-75b86dc45306"
              }
            ],
            "spec": [
              {
                "default_backend": [],
                "ingress_class_name": "nginx",
                "rule": [
                  {
                    "host": "",
                    "http": [
                      {
                        "path": [
                          {
                            "backend": [
                              {
                                "resource": [],
                                "service": [
                                  {
                                    "name": "deployment-steel-eye-app2-service",
                                    "port": [
                                      {
                                        "name": "",
                                        "number": 5678
                                      }
                                    ]
                                  }
                                ]
                              }
                            ],
                            "path": "/app2",
                            "path_type": "ImplementationSpecific"
                          }
                        ]
                      }
                    ]
                  }
                ],
                "tls": []
              }
            ],
            "status": [
              {
                "load_balancer": [
                  {
                    "ingress": [
                      {
                        "hostname": "",
                        "ip": "34.235.87.228"
                      }
                    ]
                  }
                ]
              }
            ],
            "timeouts": null,
            "wait_for_load_balancer": true
          },
          "sensitive_attributes": [],
          "private": "eyJlMmJmYjczMC1lY2FhLTExZTYtOGY4OC0zNDM2M2JjN2M0YzAiOnsiY3JlYXRlIjoxMjAwMDAwMDAwMDAwLCJkZWxldGUiOjEyMDAwMDAwMDAwMDB9fQ==",
          "dependencies": [
            "module.ingress-nginx.data.aws_eks_cluster.cluster",
            "module.ingress-nginx.data.aws_eks_cluster_auth.cluster",
            "module.public_eks_cluster.aws_eks_cluster.this",
            "module.public_eks_cluster.aws_iam_role.eksClusterRole",
            "module.public_eks_cluster.aws_iam_role_policy_attachment.AmazonEKSClusterPolicy",
            "module.public_eks_cluster.aws_iam_role_policy_attachment.AmazonEKSVPCResourceController",
            "module.public_eks_cluster.data.aws_region.current",
            "module.public_eks_cluster.module.vpc.aws_subnet.public",
            "module.public_eks_cluster.module.vpc.aws_vpc.this",
            "module.public_eks_cluster.module.vpc.aws_vpc_ipv4_cidr_block_association.this"
          ]
        }
      ]
    },
    {
      "module": "module.ingress-nginx",
      "mode": "managed",
      "type": "kubernetes_service_v1",
      "name": "app2_service",
      "provider": "module.ingress-nginx.provider[\"registry.terraform.io/hashicorp/kubernetes\"]",
      "instances": [
        {
          "schema_version": 1,
          "attributes": {
            "id": "default/deployment-steel-eye-app2-service",
            "metadata": [
              {
                "annotations": null,
                "generate_name": "",
                "generation": 0,
                "labels": null,
                "name": "deployment-steel-eye-app2-service",
                "namespace": "default",
                "resource_version": "1073",
                "uid": "79ee48ab-5d53-4c4a-a75c-e4c8380869d3"
              }
            ],
            "spec": [
              {
                "allocate_load_balancer_node_ports": true,
                "cluster_ip": "172.20.129.42",
                "cluster_ips": [
                  "172.20.129.42"
                ],
                "external_ips": null,
                "external_name": "",
                "external_traffic_policy": "",
                "health_check_node_port": 0,
                "internal_traffic_policy": "Cluster",
                "ip_families": [
                  "IPv4"
                ],
                "ip_family_policy": "SingleStack",
                "load_balancer_class": "",
                "load_balancer_ip": "",
                "load_balancer_source_ranges": null,
                "port": [
                  {
                    "app_protocol": "",
                    "name": "",
                    "node_port": 0,
                    "port": 5678,
                    "protocol": "TCP",
                    "target_port": "5678"
                  }
                ],
                "publish_not_ready_addresses": false,
                "selector": {
                  "app": "steel-eye-app"
                },
                "session_affinity": "None",
                "session_affinity_config": [],
                "type": "ClusterIP"
              }
            ],
            "status": [
              {
                "load_balancer": [
                  {
                    "ingress": []
                  }
                ]
              }
            ],
            "timeouts": null,
            "wait_for_load_balancer": true
          },
          "sensitive_attributes": [],
          "private": "eyJlMmJmYjczMC1lY2FhLTExZTYtOGY4OC0zNDM2M2JjN2M0YzAiOnsiY3JlYXRlIjo2MDAwMDAwMDAwMDB9LCJzY2hlbWFfdmVyc2lvbiI6IjEifQ==",
          "dependencies": [
            "module.ingress-nginx.data.aws_eks_cluster.cluster",
            "module.ingress-nginx.data.aws_eks_cluster_auth.cluster",
            "module.ingress-nginx.kubernetes_deployment.example_deployment",
            "module.public_eks_cluster.aws_eks_cluster.this",
            "module.public_eks_cluster.aws_iam_role.eksClusterRole",
            "module.public_eks_cluster.aws_iam_role_policy_attachment.AmazonEKSClusterPolicy",
            "module.public_eks_cluster.aws_iam_role_policy_attachment.AmazonEKSVPCResourceController",
            "module.public_eks_cluster.data.aws_region.current",
            "module.public_eks_cluster.module.vpc.aws_subnet.public",
            "module.public_eks_cluster.module.vpc.aws_vpc.this",
            "module.public_eks_cluster.module.vpc.aws_vpc_ipv4_cidr_block_association.this"
          ]
        }
      ]
    },
    {
      "module": "module.public_eks_cluster",
      "mode": "data",
      "type": "aws_region",
      "name": "current",
      "provider": "provider[\"registry.terraform.io/hashicorp/aws\"]",
      "instances": [
        {
          "schema_version": 0,
          "attributes": {
            "description": "US East (N. Virginia)",
            "endpoint": "ec2.us-east-1.amazonaws.com",
            "id": "us-east-1",
            "name": "us-east-1"
          },
          "sensitive_attributes": []
        }
      ]
    },
    {
      "module": "module.public_eks_cluster",
      "mode": "managed",
      "type": "aws_eks_cluster",
      "name": "this",
      "provider": "provider[\"registry.terraform.io/hashicorp/aws\"]",
      "instances": [
        {
          "schema_version": 0,
          "attributes": {
            "arn": "arn:aws:eks:us-east-1:987728975796:cluster/steel-eye-eks",
            "certificate_authority": [
              {
                "data": "LS0tLS1CRUdJTiBDRVJUSUZJQ0FURS0tLS0tCk1JSUMvakNDQWVhZ0F3SUJBZ0lCQURBTkJna3Foa2lHOXcwQkFRc0ZBREFWTVJNd0VRWURWUVFERXdwcmRXSmwKY201bGRHVnpNQjRYRFRJek1EY3hOekUyTkRjeE1sb1hEVE16TURjeE5ERTJORGN4TWxvd0ZURVRNQkVHQTFVRQpBeE1LYTNWaVpYSnVaWFJsY3pDQ0FTSXdEUVlKS29aSWh2Y05BUUVCQlFBRGdnRVBBRENDQVFvQ2dnRUJBTXBqCnR6TitDSk1zWWtOcDhOOG8xb09oSGttVjVLb2JHT2gvN0VDM3d5czZjNkFjY3lSNk03S1ZvRmpFcUFqZGRFekcKM296SnEzUnVvck9IUTJWZFRCSDF5SkUyUUVocFBTUkRXK25tOCswNmVBNGVNcVN3QjNXR2EzNEpJdVp0SHNvUQpiMzc3MEV5TGdRWHNsK1lFU2pKOGN4VFB4MkhFNVZyRzI3SkRSYzBDV3lPM1phQ1Y2bldjRElLN0lvbndlQUhKCmFTdlZqR0lVaVphNXJiUm42T2oxUFlrOUtHWWt2Q2VMd0g0YTRxVk1XazVHVmlvZVg5RWJKUXZFTEJTQkZMNFIKM01lM1dNQlRIRmJ0ZjVDY1JCdXpQTDFrRmRTVFZ2b3BqamdEcVpTS1lsSXA4OHBSTkpCTTV1SVBVQjBuWXQ5YQoyUGc2R3dOTmVGanJGQVBnY3djQ0F3RUFBYU5aTUZjd0RnWURWUjBQQVFIL0JBUURBZ0trTUE4R0ExVWRFd0VCCi93UUZNQU1CQWY4d0hRWURWUjBPQkJZRUZKRUFGYWR3REpENEhrc1lKMlRnc2w2cUFVRElNQlVHQTFVZEVRUU8KTUF5Q0NtdDFZbVZ5Ym1WMFpYTXdEUVlKS29aSWh2Y05BUUVMQlFBRGdnRUJBS2xLcWNDWGZKQU1qbjZZTFVUegp5eWRPTnBZUHEyNm5QZlExSlpyc1pNdVVCVTlLb1hhVEhWQm4xaUpCRFdsKzFvMHkrWEhRaHFpRlBjWEFiM1pzCkpHMWFlQjYzN3VRQitEbGF2bURMbjZXNGNNL2ZJYnlwR2dvY2QwaWxuQm5wZHJFcE1HeGloVXA1L25nWUFDNG4KekEvY1ZLMW91QS9PUmk4eTRZNGxSSXVMb01TMmg1c0dHWWxIUTZhaVJIajZEYytBTlQ5OXJJbWhxaDh1ckNPcwpST25QckFPdUpMLzFaV2JuL3hzM3QrckVmaGM0Wm5XZ2VIZS9mWkVJbENwMGQ0eHhGcmJtQ3F0YnVpNyswUnppCkRscU96Tk5QRTFjeW94S1BCRjBOMXE0cDBhSE9Ub1pUUVJpdE1ETFp0VFc3WHozbElMQXU4OWczeWcwU1RnUkkKKzJnPQotLS0tLUVORCBDRVJUSUZJQ0FURS0tLS0tCg=="
              }
            ],
            "cluster_id": null,
            "created_at": "2023-07-17 16:41:54.231 +0000 UTC",
            "enabled_cluster_log_types": null,
            "encryption_config": [],
            "endpoint": "https://C99CE8FD70DE151225966F9B7381E8FB.sk1.us-east-1.eks.amazonaws.com",
            "id": "steel-eye-eks",
            "identity": [
              {
                "oidc": [
                  {
                    "issuer": "https://oidc.eks.us-east-1.amazonaws.com/id/C99CE8FD70DE151225966F9B7381E8FB"
                  }
                ]
              }
            ],
            "kubernetes_network_config": [
              {
                "ip_family": "ipv4",
                "service_ipv4_cidr": "172.20.0.0/16",
                "service_ipv6_cidr": ""
              }
            ],
            "name": "steel-eye-eks",
            "outpost_config": [],
            "platform_version": "eks.3",
            "role_arn": "arn:aws:iam::987728975796:role/eksClusterRole",
            "status": "ACTIVE",
            "tags": null,
            "tags_all": {},
            "timeouts": null,
            "version": "1.27",
            "vpc_config": [
              {
                "cluster_security_group_id": "sg-0a8079b51c7cb4ab6",
                "endpoint_private_access": false,
                "endpoint_public_access": true,
                "public_access_cidrs": [
                  "0.0.0.0/0"
                ],
                "security_group_ids": null,
                "subnet_ids": [
                  "subnet-06835bbf32b9e3d5d",
                  "subnet-0b0cf3d85c0abb697"
                ],
                "vpc_id": "vpc-08f6b37a9e54ffc30"
              }
            ]
          },
          "sensitive_attributes": [],
          "private": "eyJlMmJmYjczMC1lY2FhLTExZTYtOGY4OC0zNDM2M2JjN2M0YzAiOnsiY3JlYXRlIjoxODAwMDAwMDAwMDAwLCJkZWxldGUiOjkwMDAwMDAwMDAwMCwidXBkYXRlIjozNjAwMDAwMDAwMDAwfX0=",
          "dependencies": [
            "module.public_eks_cluster.aws_iam_role.eksClusterRole",
            "module.public_eks_cluster.aws_iam_role_policy_attachment.AmazonEKSClusterPolicy",
            "module.public_eks_cluster.aws_iam_role_policy_attachment.AmazonEKSVPCResourceController",
            "module.public_eks_cluster.data.aws_region.current",
            "module.public_eks_cluster.module.vpc.aws_subnet.public",
            "module.public_eks_cluster.module.vpc.aws_vpc.this",
            "module.public_eks_cluster.module.vpc.aws_vpc_ipv4_cidr_block_association.this"
          ]
        }
      ]
    },
    {
      "module": "module.public_eks_cluster",
      "mode": "managed",
      "type": "aws_eks_node_group",
      "name": "this",
      "provider": "provider[\"registry.terraform.io/hashicorp/aws\"]",
      "instances": [
        {
          "schema_version": 0,
          "attributes": {
            "ami_type": "AL2_x86_64",
            "arn": "arn:aws:eks:us-east-1:987728975796:nodegroup/steel-eye-eks/steel-eye-eks-nodeGroup/56c4b260-e47d-dca5-c4ef-04eb434d7af3",
            "capacity_type": "ON_DEMAND",
            "cluster_name": "steel-eye-eks",
            "disk_size": 20,
            "force_update_version": null,
            "id": "steel-eye-eks:steel-eye-eks-nodeGroup",
            "instance_types": [
              "t3.medium"
            ],
            "labels": null,
            "launch_template": [],
            "node_group_name": "steel-eye-eks-nodeGroup",
            "node_group_name_prefix": "",
            "node_role_arn": "arn:aws:iam::987728975796:role/eksWorkerNodeRole",
            "release_version": "1.27.1-20230703",
            "remote_access": [],
            "resources": [
              {
                "autoscaling_groups": [
                  {
                    "name": "eks-steel-eye-eks-nodeGroup-56c4b260-e47d-dca5-c4ef-04eb434d7af3"
                  }
                ],
                "remote_access_security_group_id": ""
              }
            ],
            "scaling_config": [
              {
                "desired_size": 3,
                "max_size": 4,
                "min_size": 1
              }
            ],
            "status": "ACTIVE",
            "subnet_ids": [
              "subnet-06835bbf32b9e3d5d",
              "subnet-0b0cf3d85c0abb697"
            ],
            "tags": null,
            "tags_all": {},
            "taint": [],
            "timeouts": null,
            "update_config": [
              {
                "max_unavailable": 1,
                "max_unavailable_percentage": 0
              }
            ],
            "version": "1.27"
          },
          "sensitive_attributes": [],
          "private": "eyJlMmJmYjczMC1lY2FhLTExZTYtOGY4OC0zNDM2M2JjN2M0YzAiOnsiY3JlYXRlIjozNjAwMDAwMDAwMDAwLCJkZWxldGUiOjM2MDAwMDAwMDAwMDAsInVwZGF0ZSI6MzYwMDAwMDAwMDAwMH19",
          "dependencies": [
            "module.public_eks_cluster.aws_eks_cluster.this",
            "module.public_eks_cluster.aws_iam_role.eksClusterRole",
            "module.public_eks_cluster.aws_iam_role.eksWorkerNodeRole",
            "module.public_eks_cluster.aws_iam_role_policy_attachment.AmazonEC2ContainerRegistryReadOnly",
            "module.public_eks_cluster.aws_iam_role_policy_attachment.AmazonEKSClusterPolicy",
            "module.public_eks_cluster.aws_iam_role_policy_attachment.AmazonEKSVPCResourceController",
            "module.public_eks_cluster.aws_iam_role_policy_attachment.AmazonEKSWorkerNodePolicy",
            "module.public_eks_cluster.aws_iam_role_policy_attachment.AmazonEKS_CNI_Policy",
            "module.public_eks_cluster.data.aws_region.current",
            "module.public_eks_cluster.module.vpc.aws_subnet.public",
            "module.public_eks_cluster.module.vpc.aws_vpc.this",
            "module.public_eks_cluster.module.vpc.aws_vpc_ipv4_cidr_block_association.this"
          ]
        }
      ]
    },
    {
      "module": "module.public_eks_cluster",
      "mode": "managed",
      "type": "aws_iam_role",
      "name": "eksClusterRole",
      "provider": "provider[\"registry.terraform.io/hashicorp/aws\"]",
      "instances": [
        {
          "schema_version": 0,
          "attributes": {
            "arn": "arn:aws:iam::987728975796:role/eksClusterRole",
            "assume_role_policy": "{\"Statement\":[{\"Action\":\"sts:AssumeRole\",\"Effect\":\"Allow\",\"Principal\":{\"Service\":\"eks.amazonaws.com\"}}],\"Version\":\"2012-10-17\"}",
            "create_date": "2023-07-17T16:41:28Z",
            "description": "",
            "force_detach_policies": false,
            "id": "eksClusterRole",
            "inline_policy": [],
            "managed_policy_arns": [],
            "max_session_duration": 3600,
            "name": "eksClusterRole",
            "name_prefix": "",
            "path": "/",
            "permissions_boundary": null,
            "tags": null,
            "tags_all": {},
            "unique_id": "AROA6L6J4C62CLHCSWOMQ"
          },
          "sensitive_attributes": [],
          "private": "bnVsbA=="
        }
      ]
    },
    {
      "module": "module.public_eks_cluster",
      "mode": "managed",
      "type": "aws_iam_role",
      "name": "eksWorkerNodeRole",
      "provider": "provider[\"registry.terraform.io/hashicorp/aws\"]",
      "instances": [
        {
          "schema_version": 0,
          "attributes": {
            "arn": "arn:aws:iam::987728975796:role/eksWorkerNodeRole",
            "assume_role_policy": "{\"Statement\":[{\"Action\":\"sts:AssumeRole\",\"Effect\":\"Allow\",\"Principal\":{\"Service\":\"ec2.amazonaws.com\"}}],\"Version\":\"2012-10-17\"}",
            "create_date": "2023-07-17T16:41:28Z",
            "description": "",
            "force_detach_policies": false,
            "id": "eksWorkerNodeRole",
            "inline_policy": [],
            "managed_policy_arns": [],
            "max_session_duration": 3600,
            "name": "eksWorkerNodeRole",
            "name_prefix": "",
            "path": "/",
            "permissions_boundary": null,
            "tags": null,
            "tags_all": {},
            "unique_id": "AROA6L6J4C62KWUCXFJJZ"
          },
          "sensitive_attributes": [],
          "private": "bnVsbA=="
        }
      ]
    },
    {
      "module": "module.public_eks_cluster",
      "mode": "managed",
      "type": "aws_iam_role_policy_attachment",
      "name": "AmazonEC2ContainerRegistryReadOnly",
      "provider": "provider[\"registry.terraform.io/hashicorp/aws\"]",
      "instances": [
        {
          "schema_version": 0,
          "attributes": {
            "id": "eksWorkerNodeRole-20230717164128833900000001",
            "policy_arn": "arn:aws:iam::aws:policy/AmazonEC2ContainerRegistryReadOnly",
            "role": "eksWorkerNodeRole"
          },
          "sensitive_attributes": [],
          "private": "bnVsbA==",
          "dependencies": [
            "module.public_eks_cluster.aws_iam_role.eksWorkerNodeRole"
          ]
        }
      ]
    },
    {
      "module": "module.public_eks_cluster",
      "mode": "managed",
      "type": "aws_iam_role_policy_attachment",
      "name": "AmazonEKSClusterPolicy",
      "provider": "provider[\"registry.terraform.io/hashicorp/aws\"]",
      "instances": [
        {
          "schema_version": 0,
          "attributes": {
            "id": "eksClusterRole-20230717164129067600000004",
            "policy_arn": "arn:aws:iam::aws:policy/AmazonEKSClusterPolicy",
            "role": "eksClusterRole"
          },
          "sensitive_attributes": [],
          "private": "bnVsbA==",
          "dependencies": [
            "module.public_eks_cluster.aws_iam_role.eksClusterRole"
          ]
        }
      ]
    },
    {
      "module": "module.public_eks_cluster",
      "mode": "managed",
      "type": "aws_iam_role_policy_attachment",
      "name": "AmazonEKSVPCResourceController",
      "provider": "provider[\"registry.terraform.io/hashicorp/aws\"]",
      "instances": [
        {
          "schema_version": 0,
          "attributes": {
            "id": "eksClusterRole-20230717164129184300000005",
            "policy_arn": "arn:aws:iam::aws:policy/AmazonEKSVPCResourceController",
            "role": "eksClusterRole"
          },
          "sensitive_attributes": [],
          "private": "bnVsbA==",
          "dependencies": [
            "module.public_eks_cluster.aws_iam_role.eksClusterRole"
          ]
        }
      ]
    },
    {
      "module": "module.public_eks_cluster",
      "mode": "managed",
      "type": "aws_iam_role_policy_attachment",
      "name": "AmazonEKSWorkerNodePolicy",
      "provider": "provider[\"registry.terraform.io/hashicorp/aws\"]",
      "instances": [
        {
          "schema_version": 0,
          "attributes": {
            "id": "eksWorkerNodeRole-20230717164129026500000003",
            "policy_arn": "arn:aws:iam::aws:policy/AmazonEKSWorkerNodePolicy",
            "role": "eksWorkerNodeRole"
          },
          "sensitive_attributes": [],
          "private": "bnVsbA==",
          "dependencies": [
            "module.public_eks_cluster.aws_iam_role.eksWorkerNodeRole"
          ]
        }
      ]
    },
    {
      "module": "module.public_eks_cluster",
      "mode": "managed",
      "type": "aws_iam_role_policy_attachment",
      "name": "AmazonEKS_CNI_Policy",
      "provider": "provider[\"registry.terraform.io/hashicorp/aws\"]",
      "instances": [
        {
          "schema_version": 0,
          "attributes": {
            "id": "eksWorkerNodeRole-20230717164128885700000002",
            "policy_arn": "arn:aws:iam::aws:policy/AmazonEKS_CNI_Policy",
            "role": "eksWorkerNodeRole"
          },
          "sensitive_attributes": [],
          "private": "bnVsbA==",
          "dependencies": [
            "module.public_eks_cluster.aws_iam_role.eksWorkerNodeRole"
          ]
        }
      ]
    },
    {
      "module": "module.public_eks_cluster.module.vpc",
      "mode": "managed",
      "type": "aws_default_network_acl",
      "name": "this",
      "provider": "provider[\"registry.terraform.io/hashicorp/aws\"]",
      "instances": [
        {
          "index_key": 0,
          "schema_version": 0,
          "attributes": {
            "arn": "arn:aws:ec2:us-east-1:987728975796:network-acl/acl-086a9ed83c472d37f",
            "default_network_acl_id": "acl-086a9ed83c472d37f",
            "egress": [
              {
                "action": "allow",
                "cidr_block": "",
                "from_port": 0,
                "icmp_code": null,
                "icmp_type": null,
                "ipv6_cidr_block": "::/0",
                "protocol": "-1",
                "rule_no": 101,
                "to_port": 0
              },
              {
                "action": "allow",
                "cidr_block": "0.0.0.0/0",
                "from_port": 0,
                "icmp_code": null,
                "icmp_type": null,
                "ipv6_cidr_block": "",
                "protocol": "-1",
                "rule_no": 100,
                "to_port": 0
              }
            ],
            "id": "acl-086a9ed83c472d37f",
            "ingress": [
              {
                "action": "allow",
                "cidr_block": "",
                "from_port": 0,
                "icmp_code": null,
                "icmp_type": null,
                "ipv6_cidr_block": "::/0",
                "protocol": "-1",
                "rule_no": 101,
                "to_port": 0
              },
              {
                "action": "allow",
                "cidr_block": "0.0.0.0/0",
                "from_port": 0,
                "icmp_code": null,
                "icmp_type": null,
                "ipv6_cidr_block": "",
                "protocol": "-1",
                "rule_no": 100,
                "to_port": 0
              }
            ],
            "owner_id": "987728975796",
            "subnet_ids": [
              "subnet-06835bbf32b9e3d5d",
              "subnet-0b0cf3d85c0abb697"
            ],
            "tags": {
              "Name": "steel-eye-vpc"
            },
            "tags_all": {
              "Name": "steel-eye-vpc"
            },
            "vpc_id": "vpc-08f6b37a9e54ffc30"
          },
          "sensitive_attributes": [],
          "private": "bnVsbA==",
          "dependencies": [
            "module.public_eks_cluster.module.vpc.aws_vpc.this"
          ]
        }
      ]
    },
    {
      "module": "module.public_eks_cluster.module.vpc",
      "mode": "managed",
      "type": "aws_default_route_table",
      "name": "default",
      "provider": "provider[\"registry.terraform.io/hashicorp/aws\"]",
      "instances": [
        {
          "index_key": 0,
          "schema_version": 0,
          "attributes": {
            "arn": "arn:aws:ec2:us-east-1:987728975796:route-table/rtb-074b83bf44efd228f",
            "default_route_table_id": "rtb-074b83bf44efd228f",
            "id": "rtb-074b83bf44efd228f",
            "owner_id": "987728975796",
            "propagating_vgws": null,
            "route": [],
            "tags": {
              "Name": "steel-eye-vpc"
            },
            "tags_all": {
              "Name": "steel-eye-vpc"
            },
            "timeouts": {
              "create": "5m",
              "update": "5m"
            },
            "vpc_id": "vpc-08f6b37a9e54ffc30"
          },
          "sensitive_attributes": [],
          "private": "eyJlMmJmYjczMC1lY2FhLTExZTYtOGY4OC0zNDM2M2JjN2M0YzAiOnsiY3JlYXRlIjozMDAwMDAwMDAwMDAsInVwZGF0ZSI6MzAwMDAwMDAwMDAwfX0=",
          "dependencies": [
            "module.public_eks_cluster.module.vpc.aws_vpc.this"
          ]
        }
      ]
    },
    {
      "module": "module.public_eks_cluster.module.vpc",
      "mode": "managed",
      "type": "aws_default_security_group",
      "name": "this",
      "provider": "provider[\"registry.terraform.io/hashicorp/aws\"]",
      "instances": [
        {
          "index_key": 0,
          "schema_version": 1,
          "attributes": {
            "arn": "arn:aws:ec2:us-east-1:987728975796:security-group/sg-0d752d4f935b1bc40",
            "description": "default VPC security group",
            "egress": [],
            "id": "sg-0d752d4f935b1bc40",
            "ingress": [],
            "name": "default",
            "name_prefix": "",
            "owner_id": "987728975796",
            "revoke_rules_on_delete": false,
            "tags": {
              "Name": "steel-eye-vpc"
            },
            "tags_all": {
              "Name": "steel-eye-vpc"
            },
            "vpc_id": "vpc-08f6b37a9e54ffc30"
          },
          "sensitive_attributes": [],
          "private": "eyJzY2hlbWFfdmVyc2lvbiI6IjEifQ==",
          "dependencies": [
            "module.public_eks_cluster.module.vpc.aws_vpc.this"
          ]
        }
      ]
    },
    {
      "module": "module.public_eks_cluster.module.vpc",
      "mode": "managed",
      "type": "aws_internet_gateway",
      "name": "this",
      "provider": "provider[\"registry.terraform.io/hashicorp/aws\"]",
      "instances": [
        {
          "index_key": 0,
          "schema_version": 0,
          "attributes": {
            "arn": "arn:aws:ec2:us-east-1:987728975796:internet-gateway/igw-01c43c188d767ff58",
            "id": "igw-01c43c188d767ff58",
            "owner_id": "987728975796",
            "tags": {
              "Name": "steel-eye-vpc"
            },
            "tags_all": {
              "Name": "steel-eye-vpc"
            },
            "timeouts": null,
            "vpc_id": "vpc-08f6b37a9e54ffc30"
          },
          "sensitive_attributes": [],
          "private": "eyJlMmJmYjczMC1lY2FhLTExZTYtOGY4OC0zNDM2M2JjN2M0YzAiOnsiY3JlYXRlIjoxMjAwMDAwMDAwMDAwLCJkZWxldGUiOjEyMDAwMDAwMDAwMDAsInVwZGF0ZSI6MTIwMDAwMDAwMDAwMH19",
          "dependencies": [
            "module.public_eks_cluster.module.vpc.aws_vpc.this",
            "module.public_eks_cluster.module.vpc.aws_vpc_ipv4_cidr_block_association.this"
          ]
        }
      ]
    },
    {
      "module": "module.public_eks_cluster.module.vpc",
      "mode": "managed",
      "type": "aws_route",
      "name": "public_internet_gateway",
      "provider": "provider[\"registry.terraform.io/hashicorp/aws\"]",
      "instances": [
        {
          "index_key": 0,
          "schema_version": 0,
          "attributes": {
            "carrier_gateway_id": "",
            "core_network_arn": "",
            "destination_cidr_block": "0.0.0.0/0",
            "destination_ipv6_cidr_block": "",
            "destination_prefix_list_id": "",
            "egress_only_gateway_id": "",
            "gateway_id": "igw-01c43c188d767ff58",
            "id": "r-rtb-08687cfc1847afd571080289494",
            "instance_id": "",
            "instance_owner_id": "",
            "local_gateway_id": "",
            "nat_gateway_id": "",
            "network_interface_id": "",
            "origin": "CreateRoute",
            "route_table_id": "rtb-08687cfc1847afd57",
            "state": "active",
            "timeouts": {
              "create": "5m",
              "delete": null,
              "update": null
            },
            "transit_gateway_id": "",
            "vpc_endpoint_id": "",
            "vpc_peering_connection_id": ""
          },
          "sensitive_attributes": [],
          "private": "eyJlMmJmYjczMC1lY2FhLTExZTYtOGY4OC0zNDM2M2JjN2M0YzAiOnsiY3JlYXRlIjozMDAwMDAwMDAwMDAsImRlbGV0ZSI6MzAwMDAwMDAwMDAwLCJ1cGRhdGUiOjEyMDAwMDAwMDAwMH19",
          "dependencies": [
            "module.public_eks_cluster.module.vpc.aws_internet_gateway.this",
            "module.public_eks_cluster.module.vpc.aws_route_table.public",
            "module.public_eks_cluster.module.vpc.aws_vpc.this",
            "module.public_eks_cluster.module.vpc.aws_vpc_ipv4_cidr_block_association.this"
          ]
        }
      ]
    },
    {
      "module": "module.public_eks_cluster.module.vpc",
      "mode": "managed",
      "type": "aws_route_table",
      "name": "public",
      "provider": "provider[\"registry.terraform.io/hashicorp/aws\"]",
      "instances": [
        {
          "index_key": 0,
          "schema_version": 0,
          "attributes": {
            "arn": "arn:aws:ec2:us-east-1:987728975796:route-table/rtb-08687cfc1847afd57",
            "id": "rtb-08687cfc1847afd57",
            "owner_id": "987728975796",
            "propagating_vgws": [],
            "route": [],
            "tags": {
              "Name": "steel-eye-vpc"
            },
            "tags_all": {
              "Name": "steel-eye-vpc"
            },
            "timeouts": null,
            "vpc_id": "vpc-08f6b37a9e54ffc30"
          },
          "sensitive_attributes": [],
          "private": "eyJlMmJmYjczMC1lY2FhLTExZTYtOGY4OC0zNDM2M2JjN2M0YzAiOnsiY3JlYXRlIjozMDAwMDAwMDAwMDAsImRlbGV0ZSI6MzAwMDAwMDAwMDAwLCJ1cGRhdGUiOjEyMDAwMDAwMDAwMH19",
          "dependencies": [
            "module.public_eks_cluster.module.vpc.aws_vpc.this",
            "module.public_eks_cluster.module.vpc.aws_vpc_ipv4_cidr_block_association.this"
          ]
        }
      ]
    },
    {
      "module": "module.public_eks_cluster.module.vpc",
      "mode": "managed",
      "type": "aws_route_table_association",
      "name": "public",
      "provider": "provider[\"registry.terraform.io/hashicorp/aws\"]",
      "instances": [
        {
          "index_key": 0,
          "schema_version": 0,
          "attributes": {
            "gateway_id": "",
            "id": "rtbassoc-033245622123f33d3",
            "route_table_id": "rtb-08687cfc1847afd57",
            "subnet_id": "subnet-0b0cf3d85c0abb697",
            "timeouts": null
          },
          "sensitive_attributes": [],
          "private": "eyJlMmJmYjczMC1lY2FhLTExZTYtOGY4OC0zNDM2M2JjN2M0YzAiOnsiY3JlYXRlIjozMDAwMDAwMDAwMDAsImRlbGV0ZSI6MzAwMDAwMDAwMDAwLCJ1cGRhdGUiOjEyMDAwMDAwMDAwMH19",
          "dependencies": [
            "module.public_eks_cluster.data.aws_region.current",
            "module.public_eks_cluster.module.vpc.aws_route_table.public",
            "module.public_eks_cluster.module.vpc.aws_subnet.public",
            "module.public_eks_cluster.module.vpc.aws_vpc.this",
            "module.public_eks_cluster.module.vpc.aws_vpc_ipv4_cidr_block_association.this"
          ]
        },
        {
          "index_key": 1,
          "schema_version": 0,
          "attributes": {
            "gateway_id": "",
            "id": "rtbassoc-067e499d888f87e2f",
            "route_table_id": "rtb-08687cfc1847afd57",
            "subnet_id": "subnet-06835bbf32b9e3d5d",
            "timeouts": null
          },
          "sensitive_attributes": [],
          "private": "eyJlMmJmYjczMC1lY2FhLTExZTYtOGY4OC0zNDM2M2JjN2M0YzAiOnsiY3JlYXRlIjozMDAwMDAwMDAwMDAsImRlbGV0ZSI6MzAwMDAwMDAwMDAwLCJ1cGRhdGUiOjEyMDAwMDAwMDAwMH19",
          "dependencies": [
            "module.public_eks_cluster.data.aws_region.current",
            "module.public_eks_cluster.module.vpc.aws_route_table.public",
            "module.public_eks_cluster.module.vpc.aws_subnet.public",
            "module.public_eks_cluster.module.vpc.aws_vpc.this",
            "module.public_eks_cluster.module.vpc.aws_vpc_ipv4_cidr_block_association.this"
          ]
        }
      ]
    },
    {
      "module": "module.public_eks_cluster.module.vpc",
      "mode": "managed",
      "type": "aws_subnet",
      "name": "public",
      "provider": "provider[\"registry.terraform.io/hashicorp/aws\"]",
      "instances": [
        {
          "index_key": 0,
          "schema_version": 1,
          "attributes": {
            "arn": "arn:aws:ec2:us-east-1:987728975796:subnet/subnet-0b0cf3d85c0abb697",
            "assign_ipv6_address_on_creation": false,
            "availability_zone": "us-east-1a",
            "availability_zone_id": "use1-az2",
            "cidr_block": "10.0.0.0/17",
            "customer_owned_ipv4_pool": "",
            "enable_dns64": false,
            "enable_lni_at_device_index": 0,
            "enable_resource_name_dns_a_record_on_launch": false,
            "enable_resource_name_dns_aaaa_record_on_launch": false,
            "id": "subnet-0b0cf3d85c0abb697",
            "ipv6_cidr_block": "",
            "ipv6_cidr_block_association_id": "",
            "ipv6_native": false,
            "map_customer_owned_ip_on_launch": false,
            "map_public_ip_on_launch": true,
            "outpost_arn": "",
            "owner_id": "987728975796",
            "private_dns_hostname_type_on_launch": "ip-name",
            "tags": {
              "Name": "public subnet",
              "kubernetes.io/cluster/steel-eye-eks": "shared",
              "kubernetes.io/role/elb": "1"
            },
            "tags_all": {
              "Name": "public subnet",
              "kubernetes.io/cluster/steel-eye-eks": "shared",
              "kubernetes.io/role/elb": "1"
            },
            "timeouts": null,
            "vpc_id": "vpc-08f6b37a9e54ffc30"
          },
          "sensitive_attributes": [],
          "private": "eyJlMmJmYjczMC1lY2FhLTExZTYtOGY4OC0zNDM2M2JjN2M0YzAiOnsiY3JlYXRlIjo2MDAwMDAwMDAwMDAsImRlbGV0ZSI6MTIwMDAwMDAwMDAwMH0sInNjaGVtYV92ZXJzaW9uIjoiMSJ9",
          "dependencies": [
            "module.public_eks_cluster.data.aws_region.current",
            "module.public_eks_cluster.module.vpc.aws_vpc.this",
            "module.public_eks_cluster.module.vpc.aws_vpc_ipv4_cidr_block_association.this"
          ]
        },
        {
          "index_key": 1,
          "schema_version": 1,
          "attributes": {
            "arn": "arn:aws:ec2:us-east-1:987728975796:subnet/subnet-06835bbf32b9e3d5d",
            "assign_ipv6_address_on_creation": false,
            "availability_zone": "us-east-1b",
            "availability_zone_id": "use1-az4",
            "cidr_block": "10.0.128.0/17",
            "customer_owned_ipv4_pool": "",
            "enable_dns64": false,
            "enable_lni_at_device_index": 0,
            "enable_resource_name_dns_a_record_on_launch": false,
            "enable_resource_name_dns_aaaa_record_on_launch": false,
            "id": "subnet-06835bbf32b9e3d5d",
            "ipv6_cidr_block": "",
            "ipv6_cidr_block_association_id": "",
            "ipv6_native": false,
            "map_customer_owned_ip_on_launch": false,
            "map_public_ip_on_launch": true,
            "outpost_arn": "",
            "owner_id": "987728975796",
            "private_dns_hostname_type_on_launch": "ip-name",
            "tags": {
              "Name": "public subnet",
              "kubernetes.io/cluster/steel-eye-eks": "shared",
              "kubernetes.io/role/elb": "1"
            },
            "tags_all": {
              "Name": "public subnet",
              "kubernetes.io/cluster/steel-eye-eks": "shared",
              "kubernetes.io/role/elb": "1"
            },
            "timeouts": null,
            "vpc_id": "vpc-08f6b37a9e54ffc30"
          },
          "sensitive_attributes": [],
          "private": "eyJlMmJmYjczMC1lY2FhLTExZTYtOGY4OC0zNDM2M2JjN2M0YzAiOnsiY3JlYXRlIjo2MDAwMDAwMDAwMDAsImRlbGV0ZSI6MTIwMDAwMDAwMDAwMH0sInNjaGVtYV92ZXJzaW9uIjoiMSJ9",
          "dependencies": [
            "module.public_eks_cluster.data.aws_region.current",
            "module.public_eks_cluster.module.vpc.aws_vpc.this",
            "module.public_eks_cluster.module.vpc.aws_vpc_ipv4_cidr_block_association.this"
          ]
        }
      ]
    },
    {
      "module": "module.public_eks_cluster.module.vpc",
      "mode": "managed",
      "type": "aws_vpc",
      "name": "this",
      "provider": "provider[\"registry.terraform.io/hashicorp/aws\"]",
      "instances": [
        {
          "index_key": 0,
          "schema_version": 1,
          "attributes": {
            "arn": "arn:aws:ec2:us-east-1:987728975796:vpc/vpc-08f6b37a9e54ffc30",
            "assign_generated_ipv6_cidr_block": false,
            "cidr_block": "10.0.0.0/16",
            "default_network_acl_id": "acl-086a9ed83c472d37f",
            "default_route_table_id": "rtb-074b83bf44efd228f",
            "default_security_group_id": "sg-0d752d4f935b1bc40",
            "dhcp_options_id": "dopt-06201ae0b4cb7109d",
            "enable_dns_hostnames": true,
            "enable_dns_support": true,
            "enable_network_address_usage_metrics": false,
            "id": "vpc-08f6b37a9e54ffc30",
            "instance_tenancy": "default",
            "ipv4_ipam_pool_id": null,
            "ipv4_netmask_length": null,
            "ipv6_association_id": "",
            "ipv6_cidr_block": "",
            "ipv6_cidr_block_network_border_group": "",
            "ipv6_ipam_pool_id": "",
            "ipv6_netmask_length": 0,
            "main_route_table_id": "rtb-074b83bf44efd228f",
            "owner_id": "987728975796",
            "tags": {
              "Name": "steel-eye-vpc"
            },
            "tags_all": {
              "Name": "steel-eye-vpc"
            }
          },
          "sensitive_attributes": [],
          "private": "eyJzY2hlbWFfdmVyc2lvbiI6IjEifQ=="
        }
      ]
    }
  ],
  "check_results": null
}
